// !$*UTF8*$!
{
	archiveVersion = 1;
	classes = {
	};
	objectVersion = 55;
	objects = {

/* Begin PBXBuildFile section */
		A1D2024B27AD116F0079077C /* AppDelegate.swift in Sources */ = {isa = PBXBuildFile; fileRef = A1D2024A27AD116F0079077C /* AppDelegate.swift */; };
		A1D2024D27AD116F0079077C /* SceneDelegate.swift in Sources */ = {isa = PBXBuildFile; fileRef = A1D2024C27AD116F0079077C /* SceneDelegate.swift */; };
		A1D2024F27AD116F0079077C /* ViewController.swift in Sources */ = {isa = PBXBuildFile; fileRef = A1D2024E27AD116F0079077C /* ViewController.swift */; };
		A1D2025227AD116F0079077C /* Main.storyboard in Resources */ = {isa = PBXBuildFile; fileRef = A1D2025027AD116F0079077C /* Main.storyboard */; };
		A1D2025427AD117D0079077C /* Assets.xcassets in Resources */ = {isa = PBXBuildFile; fileRef = A1D2025327AD117D0079077C /* Assets.xcassets */; };
		A1D2025727AD117D0079077C /* LaunchScreen.storyboard in Resources */ = {isa = PBXBuildFile; fileRef = A1D2025527AD117D0079077C /* LaunchScreen.storyboard */; };
		A1D2026227AD117D0079077C /* Aarf_ExtTests.swift in Sources */ = {isa = PBXBuildFile; fileRef = A1D2026127AD117D0079077C /* Aarf_ExtTests.swift */; };
		A1D2026C27AD117D0079077C /* Aarf_ExtUITests.swift in Sources */ = {isa = PBXBuildFile; fileRef = A1D2026B27AD117D0079077C /* Aarf_ExtUITests.swift */; };
		A1D2026E27AD117D0079077C /* Aarf_ExtUITestsLaunchTests.swift in Sources */ = {isa = PBXBuildFile; fileRef = A1D2026D27AD117D0079077C /* Aarf_ExtUITestsLaunchTests.swift */; };
/* End PBXBuildFile section */

/* Begin PBXContainerItemProxy section */
		A1D2025E27AD117D0079077C /* PBXContainerItemProxy */ = {
			isa = PBXContainerItemProxy;
			containerPortal = A1D2023F27AD116F0079077C /* Project object */;
			proxyType = 1;
			remoteGlobalIDString = A1D2024627AD116F0079077C;
			remoteInfo = "Aarf Ext";
		};
		A1D2026827AD117D0079077C /* PBXContainerItemProxy */ = {
			isa = PBXContainerItemProxy;
			containerPortal = A1D2023F27AD116F0079077C /* Project object */;
			proxyType = 1;
			remoteGlobalIDString = A1D2024627AD116F0079077C;
			remoteInfo = "Aarf Ext";
		};
/* End PBXContainerItemProxy section */

/* Begin PBXFileReference section */
		A1D2024727AD116F0079077C /* Aarf Ext.app */ = {isa = PBXFileReference; explicitFileType = wrapper.application; includeInIndex = 0; path = "Aarf Ext.app"; sourceTree = BUILT_PRODUCTS_DIR; };
		A1D2024A27AD116F0079077C /* AppDelegate.swift */ = {isa = PBXFileReference; lastKnownFileType = sourcecode.swift; path = AppDelegate.swift; sourceTree = "<group>"; };
		A1D2024C27AD116F0079077C /* SceneDelegate.swift */ = {isa = PBXFileReference; lastKnownFileType = sourcecode.swift; path = SceneDelegate.swift; sourceTree = "<group>"; };
		A1D2024E27AD116F0079077C /* ViewController.swift */ = {isa = PBXFileReference; lastKnownFileType = sourcecode.swift; path = ViewController.swift; sourceTree = "<group>"; };
		A1D2025127AD116F0079077C /* Base */ = {isa = PBXFileReference; lastKnownFileType = file.storyboard; name = Base; path = Base.lproj/Main.storyboard; sourceTree = "<group>"; };
		A1D2025327AD117D0079077C /* Assets.xcassets */ = {isa = PBXFileReference; lastKnownFileType = folder.assetcatalog; path = Assets.xcassets; sourceTree = "<group>"; };
		A1D2025627AD117D0079077C /* Base */ = {isa = PBXFileReference; lastKnownFileType = file.storyboard; name = Base; path = Base.lproj/LaunchScreen.storyboard; sourceTree = "<group>"; };
		A1D2025827AD117D0079077C /* Info.plist */ = {isa = PBXFileReference; lastKnownFileType = text.plist.xml; path = Info.plist; sourceTree = "<group>"; };
		A1D2025D27AD117D0079077C /* Aarf ExtTests.xctest */ = {isa = PBXFileReference; explicitFileType = wrapper.cfbundle; includeInIndex = 0; path = "Aarf ExtTests.xctest"; sourceTree = BUILT_PRODUCTS_DIR; };
		A1D2026127AD117D0079077C /* Aarf_ExtTests.swift */ = {isa = PBXFileReference; lastKnownFileType = sourcecode.swift; path = Aarf_ExtTests.swift; sourceTree = "<group>"; };
		A1D2026727AD117D0079077C /* Aarf ExtUITests.xctest */ = {isa = PBXFileReference; explicitFileType = wrapper.cfbundle; includeInIndex = 0; path = "Aarf ExtUITests.xctest"; sourceTree = BUILT_PRODUCTS_DIR; };
		A1D2026B27AD117D0079077C /* Aarf_ExtUITests.swift */ = {isa = PBXFileReference; lastKnownFileType = sourcecode.swift; path = Aarf_ExtUITests.swift; sourceTree = "<group>"; };
		A1D2026D27AD117D0079077C /* Aarf_ExtUITestsLaunchTests.swift */ = {isa = PBXFileReference; lastKnownFileType = sourcecode.swift; path = Aarf_ExtUITestsLaunchTests.swift; sourceTree = "<group>"; };
/* End PBXFileReference section */

/* Begin PBXFrameworksBuildPhase section */
		A1D2024427AD116F0079077C /* Frameworks */ = {
			isa = PBXFrameworksBuildPhase;
			buildActionMask = 2147483647;
			files = (
			);
			runOnlyForDeploymentPostprocessing = 0;
		};
		A1D2025A27AD117D0079077C /* Frameworks */ = {
			isa = PBXFrameworksBuildPhase;
			buildActionMask = 2147483647;
			files = (
			);
			runOnlyForDeploymentPostprocessing = 0;
		};
		A1D2026427AD117D0079077C /* Frameworks */ = {
			isa = PBXFrameworksBuildPhase;
			buildActionMask = 2147483647;
			files = (
			);
			runOnlyForDeploymentPostprocessing = 0;
		};
/* End PBXFrameworksBuildPhase section */

/* Begin PBXGroup section */
		A1D2023E27AD116F0079077C = {
			isa = PBXGroup;
			children = (
				A1D2024927AD116F0079077C /* Aarf Ext */,
				A1D2026027AD117D0079077C /* Aarf ExtTests */,
				A1D2026A27AD117D0079077C /* Aarf ExtUITests */,
				A1D2024827AD116F0079077C /* Products */,
			);
			sourceTree = "<group>";
		};
		A1D2024827AD116F0079077C /* Products */ = {
			isa = PBXGroup;
			children = (
				A1D2024727AD116F0079077C /* Aarf Ext.app */,
				A1D2025D27AD117D0079077C /* Aarf ExtTests.xctest */,
				A1D2026727AD117D0079077C /* Aarf ExtUITests.xctest */,
			);
			name = Products;
			sourceTree = "<group>";
		};
		A1D2024927AD116F0079077C /* Aarf Ext */ = {
			isa = PBXGroup;
			children = (
				A1D2024A27AD116F0079077C /* AppDelegate.swift */,
				A1D2024C27AD116F0079077C /* SceneDelegate.swift */,
				A1D2024E27AD116F0079077C /* ViewController.swift */,
				A1D2025027AD116F0079077C /* Main.storyboard */,
				A1D2025327AD117D0079077C /* Assets.xcassets */,
				A1D2025527AD117D0079077C /* LaunchScreen.storyboard */,
				A1D2025827AD117D0079077C /* Info.plist */,
			);
			path = "Aarf Ext";
			sourceTree = "<group>";
		};
		A1D2026027AD117D0079077C /* Aarf ExtTests */ = {
			isa = PBXGroup;
			children = (
				A1D2026127AD117D0079077C /* Aarf_ExtTests.swift */,
			);
			path = "Aarf ExtTests";
			sourceTree = "<group>";
		};
		A1D2026A27AD117D0079077C /* Aarf ExtUITests */ = {
			isa = PBXGroup;
			children = (
				A1D2026B27AD117D0079077C /* Aarf_ExtUITests.swift */,
				A1D2026D27AD117D0079077C /* Aarf_ExtUITestsLaunchTests.swift */,
			);
			path = "Aarf ExtUITests";
			sourceTree = "<group>";
		};
/* End PBXGroup section */

/* Begin PBXNativeTarget section */
		A1D2024627AD116F0079077C /* Aarf Ext */ = {
			isa = PBXNativeTarget;
			buildConfigurationList = A1D2027127AD117D0079077C /* Build configuration list for PBXNativeTarget "Aarf Ext" */;
			buildPhases = (
				A1D2024327AD116F0079077C /* Sources */,
				A1D2024427AD116F0079077C /* Frameworks */,
				A1D2024527AD116F0079077C /* Resources */,
			);
			buildRules = (
			);
			dependencies = (
			);
			name = "Aarf Ext";
			productName = "Aarf Ext";
			productReference = A1D2024727AD116F0079077C /* Aarf Ext.app */;
			productType = "com.apple.product-type.application";
		};
		A1D2025C27AD117D0079077C /* Aarf ExtTests */ = {
			isa = PBXNativeTarget;
			buildConfigurationList = A1D2027427AD117D0079077C /* Build configuration list for PBXNativeTarget "Aarf ExtTests" */;
			buildPhases = (
				A1D2025927AD117D0079077C /* Sources */,
				A1D2025A27AD117D0079077C /* Frameworks */,
				A1D2025B27AD117D0079077C /* Resources */,
			);
			buildRules = (
			);
			dependencies = (
				A1D2025F27AD117D0079077C /* PBXTargetDependency */,
			);
			name = "Aarf ExtTests";
			productName = "Aarf ExtTests";
			productReference = A1D2025D27AD117D0079077C /* Aarf ExtTests.xctest */;
			productType = "com.apple.product-type.bundle.unit-test";
		};
		A1D2026627AD117D0079077C /* Aarf ExtUITests */ = {
			isa = PBXNativeTarget;
			buildConfigurationList = A1D2027727AD117D0079077C /* Build configuration list for PBXNativeTarget "Aarf ExtUITests" */;
			buildPhases = (
				A1D2026327AD117D0079077C /* Sources */,
				A1D2026427AD117D0079077C /* Frameworks */,
				A1D2026527AD117D0079077C /* Resources */,
			);
			buildRules = (
			);
			dependencies = (
				A1D2026927AD117D0079077C /* PBXTargetDependency */,
			);
			name = "Aarf ExtUITests";
			productName = "Aarf ExtUITests";
			productReference = A1D2026727AD117D0079077C /* Aarf ExtUITests.xctest */;
			productType = "com.apple.product-type.bundle.ui-testing";
		};
/* End PBXNativeTarget section */

/* Begin PBXProject section */
		A1D2023F27AD116F0079077C /* Project object */ = {
			isa = PBXProject;
			attributes = {
				BuildIndependentTargetsInParallel = 1;
				LastSwiftUpdateCheck = 1320;
				LastUpgradeCheck = 1320;
				TargetAttributes = {
					A1D2024627AD116F0079077C = {
						CreatedOnToolsVersion = 13.2.1;
					};
					A1D2025C27AD117D0079077C = {
						CreatedOnToolsVersion = 13.2.1;
						TestTargetID = A1D2024627AD116F0079077C;
					};
					A1D2026627AD117D0079077C = {
						CreatedOnToolsVersion = 13.2.1;
						TestTargetID = A1D2024627AD116F0079077C;
					};
				};
			};
			buildConfigurationList = A1D2024227AD116F0079077C /* Build configuration list for PBXProject "Aarf Ext" */;
			compatibilityVersion = "Xcode 13.0";
			developmentRegion = en;
			hasScannedForEncodings = 0;
			knownRegions = (
				en,
				Base,
			);
			mainGroup = A1D2023E27AD116F0079077C;
			productRefGroup = A1D2024827AD116F0079077C /* Products */;
			projectDirPath = "";
			projectRoot = "";
			targets = (
				A1D2024627AD116F0079077C /* Aarf Ext */,
				A1D2025C27AD117D0079077C /* Aarf ExtTests */,
				A1D2026627AD117D0079077C /* Aarf ExtUITests */,
			);
		};
/* End PBXProject section */

/* Begin PBXResourcesBuildPhase section */
		A1D2024527AD116F0079077C /* Resources */ = {
			isa = PBXResourcesBuildPhase;
			buildActionMask = 2147483647;
			files = (
				A1D2025727AD117D0079077C /* LaunchScreen.storyboard in Resources */,
				A1D2025427AD117D0079077C /* Assets.xcassets in Resources */,
				A1D2025227AD116F0079077C /* Main.storyboard in Resources */,
			);
			runOnlyForDeploymentPostprocessing = 0;
		};
		A1D2025B27AD117D0079077C /* Resources */ = {
			isa = PBXResourcesBuildPhase;
			buildActionMask = 2147483647;
			files = (
			);
			runOnlyForDeploymentPostprocessing = 0;
		};
		A1D2026527AD117D0079077C /* Resources */ = {
			isa = PBXResourcesBuildPhase;
			buildActionMask = 2147483647;
			files = (
			);
			runOnlyForDeploymentPostprocessing = 0;
		};
/* End PBXResourcesBuildPhase section */

/* Begin PBXSourcesBuildPhase section */
		A1D2024327AD116F0079077C /* Sources */ = {
			isa = PBXSourcesBuildPhase;
			buildActionMask = 2147483647;
			files = (
				A1D2024F27AD116F0079077C /* ViewController.swift in Sources */,
				A1D2024B27AD116F0079077C /* AppDelegate.swift in Sources */,
				A1D2024D27AD116F0079077C /* SceneDelegate.swift in Sources */,
			);
			runOnlyForDeploymentPostprocessing = 0;
		};
		A1D2025927AD117D0079077C /* Sources */ = {
			isa = PBXSourcesBuildPhase;
			buildActionMask = 2147483647;
			files = (
				A1D2026227AD117D0079077C /* Aarf_ExtTests.swift in Sources */,
			);
			runOnlyForDeploymentPostprocessing = 0;
		};
		A1D2026327AD117D0079077C /* Sources */ = {
			isa = PBXSourcesBuildPhase;
			buildActionMask = 2147483647;
			files = (
				A1D2026E27AD117D0079077C /* Aarf_ExtUITestsLaunchTests.swift in Sources */,
				A1D2026C27AD117D0079077C /* Aarf_ExtUITests.swift in Sources */,
			);
			runOnlyForDeploymentPostprocessing = 0;
		};
/* End PBXSourcesBuildPhase section */

/* Begin PBXTargetDependency section */
		A1D2025F27AD117D0079077C /* PBXTargetDependency */ = {
			isa = PBXTargetDependency;
			target = A1D2024627AD116F0079077C /* Aarf Ext */;
			targetProxy = A1D2025E27AD117D0079077C /* PBXContainerItemProxy */;
		};
		A1D2026927AD117D0079077C /* PBXTargetDependency */ = {
			isa = PBXTargetDependency;
			target = A1D2024627AD116F0079077C /* Aarf Ext */;
			targetProxy = A1D2026827AD117D0079077C /* PBXContainerItemProxy */;
		};
/* End PBXTargetDependency section */

/* Begin PBXVariantGroup section */
		A1D2025027AD116F0079077C /* Main.storyboard */ = {
			isa = PBXVariantGroup;
			children = (
				A1D2025127AD116F0079077C /* Base */,
			);
			name = Main.storyboard;
			sourceTree = "<group>";
		};
		A1D2025527AD117D0079077C /* LaunchScreen.storyboard */ = {
			isa = PBXVariantGroup;
			children = (
				A1D2025627AD117D0079077C /* Base */,
			);
			name = LaunchScreen.storyboard;
			sourceTree = "<group>";
		};
/* End PBXVariantGroup section */

/* Begin XCBuildConfiguration section */
		A1D2026F27AD117D0079077C /* Debug */ = {
			isa = XCBuildConfiguration;
			buildSettings = {
				ALWAYS_SEARCH_USER_PATHS = NO;
				CLANG_ANALYZER_NONNULL = YES;
				CLANG_ANALYZER_NUMBER_OBJECT_CONVERSION = YES_AGGRESSIVE;
				CLANG_CXX_LANGUAGE_STANDARD = "gnu++17";
				CLANG_CXX_LIBRARY = "libc++";
				CLANG_ENABLE_MODULES = YES;
				CLANG_ENABLE_OBJC_ARC = YES;
				CLANG_ENABLE_OBJC_WEAK = YES;
				CLANG_WARN_BLOCK_CAPTURE_AUTORELEASING = YES;
				CLANG_WARN_BOOL_CONVERSION = YES;
				CLANG_WARN_COMMA = YES;
				CLANG_WARN_CONSTANT_CONVERSION = YES;
				CLANG_WARN_DEPRECATED_OBJC_IMPLEMENTATIONS = YES;
				CLANG_WARN_DIRECT_OBJC_ISA_USAGE = YES_ERROR;
				CLANG_WARN_DOCUMENTATION_COMMENTS = YES;
				CLANG_WARN_EMPTY_BODY = YES;
				CLANG_WARN_ENUM_CONVERSION = YES;
				CLANG_WARN_INFINITE_RECURSION = YES;
				CLANG_WARN_INT_CONVERSION = YES;
				CLANG_WARN_NON_LITERAL_NULL_CONVERSION = YES;
				CLANG_WARN_OBJC_IMPLICIT_RETAIN_SELF = YES;
				CLANG_WARN_OBJC_LITERAL_CONVERSION = YES;
				CLANG_WARN_OBJC_ROOT_CLASS = YES_ERROR;
				CLANG_WARN_QUOTED_INCLUDE_IN_FRAMEWORK_HEADER = YES;
				CLANG_WARN_RANGE_LOOP_ANALYSIS = YES;
				CLANG_WARN_STRICT_PROTOTYPES = YES;
				CLANG_WARN_SUSPICIOUS_MOVE = YES;
				CLANG_WARN_UNGUARDED_AVAILABILITY = YES_AGGRESSIVE;
				CLANG_WARN_UNREACHABLE_CODE = YES;
				CLANG_WARN__DUPLICATE_METHOD_MATCH = YES;
				COPY_PHASE_STRIP = NO;
				DEBUG_INFORMATION_FORMAT = dwarf;
				ENABLE_STRICT_OBJC_MSGSEND = YES;
				ENABLE_TESTABILITY = YES;
				GCC_C_LANGUAGE_STANDARD = gnu11;
				GCC_DYNAMIC_NO_PIC = NO;
				GCC_NO_COMMON_BLOCKS = YES;
				GCC_OPTIMIZATION_LEVEL = 0;
				GCC_PREPROCESSOR_DEFINITIONS = (
					"DEBUG=1",
					"$(inherited)",
				);
				GCC_WARN_64_TO_32_BIT_CONVERSION = YES;
				GCC_WARN_ABOUT_RETURN_TYPE = YES_ERROR;
				GCC_WARN_UNDECLARED_SELECTOR = YES;
				GCC_WARN_UNINITIALIZED_AUTOS = YES_AGGRESSIVE;
				GCC_WARN_UNUSED_FUNCTION = YES;
				GCC_WARN_UNUSED_VARIABLE = YES;
				IPHONEOS_DEPLOYMENT_TARGET = 15.2;
				MTL_ENABLE_DEBUG_INFO = INCLUDE_SOURCE;
				MTL_FAST_MATH = YES;
				ONLY_ACTIVE_ARCH = YES;
				SDKROOT = iphoneos;
				SWIFT_ACTIVE_COMPILATION_CONDITIONS = DEBUG;
				SWIFT_OPTIMIZATION_LEVEL = "-Onone";
			};
			name = Debug;
		};
		A1D2027027AD117D0079077C /* Release */ = {
			isa = XCBuildConfiguration;
			buildSettings = {
				ALWAYS_SEARCH_USER_PATHS = NO;
				CLANG_ANALYZER_NONNULL = YES;
				CLANG_ANALYZER_NUMBER_OBJECT_CONVERSION = YES_AGGRESSIVE;
				CLANG_CXX_LANGUAGE_STANDARD = "gnu++17";
				CLANG_CXX_LIBRARY = "libc++";
				CLANG_ENABLE_MODULES = YES;
				CLANG_ENABLE_OBJC_ARC = YES;
				CLANG_ENABLE_OBJC_WEAK = YES;
				CLANG_WARN_BLOCK_CAPTURE_AUTORELEASING = YES;
				CLANG_WARN_BOOL_CONVERSION = YES;
				CLANG_WARN_COMMA = YES;
				CLANG_WARN_CONSTANT_CONVERSION = YES;
				CLANG_WARN_DEPRECATED_OBJC_IMPLEMENTATIONS = YES;
				CLANG_WARN_DIRECT_OBJC_ISA_USAGE = YES_ERROR;
				CLANG_WARN_DOCUMENTATION_COMMENTS = YES;
				CLANG_WARN_EMPTY_BODY = YES;
				CLANG_WARN_ENUM_CONVERSION = YES;
				CLANG_WARN_INFINITE_RECURSION = YES;
				CLANG_WARN_INT_CONVERSION = YES;
				CLANG_WARN_NON_LITERAL_NULL_CONVERSION = YES;
				CLANG_WARN_OBJC_IMPLICIT_RETAIN_SELF = YES;
				CLANG_WARN_OBJC_LITERAL_CONVERSION = YES;
				CLANG_WARN_OBJC_ROOT_CLASS = YES_ERROR;
				CLANG_WARN_QUOTED_INCLUDE_IN_FRAMEWORK_HEADER = YES;
				CLANG_WARN_RANGE_LOOP_ANALYSIS = YES;
				CLANG_WARN_STRICT_PROTOTYPES = YES;
				CLANG_WARN_SUSPICIOUS_MOVE = YES;
				CLANG_WARN_UNGUARDED_AVAILABILITY = YES_AGGRESSIVE;
				CLANG_WARN_UNREACHABLE_CODE = YES;
				CLANG_WARN__DUPLICATE_METHOD_MATCH = YES;
				COPY_PHASE_STRIP = NO;
				DEBUG_INFORMATION_FORMAT = "dwarf-with-dsym";
				ENABLE_NS_ASSERTIONS = NO;
				ENABLE_STRICT_OBJC_MSGSEND = YES;
				GCC_C_LANGUAGE_STANDARD = gnu11;
				GCC_NO_COMMON_BLOCKS = YES;
				GCC_WARN_64_TO_32_BIT_CONVERSION = YES;
				GCC_WARN_ABOUT_RETURN_TYPE = YES_ERROR;
				GCC_WARN_UNDECLARED_SELECTOR = YES;
				GCC_WARN_UNINITIALIZED_AUTOS = YES_AGGRESSIVE;
				GCC_WARN_UNUSED_FUNCTION = YES;
				GCC_WARN_UNUSED_VARIABLE = YES;
				IPHONEOS_DEPLOYMENT_TARGET = 15.2;
				MTL_ENABLE_DEBUG_INFO = NO;
				MTL_FAST_MATH = YES;
				SDKROOT = iphoneos;
				SWIFT_COMPILATION_MODE = wholemodule;
				SWIFT_OPTIMIZATION_LEVEL = "-O";
				VALIDATE_PRODUCT = YES;
			};
			name = Release;
		};
		A1D2027227AD117D0079077C /* Debug */ = {
			isa = XCBuildConfiguration;
			buildSettings = {
				ASSETCATALOG_COMPILER_APPICON_NAME = AppIcon;
				ASSETCATALOG_COMPILER_GLOBAL_ACCENT_COLOR_NAME = AccentColor;
				CODE_SIGN_IDENTITY = "Apple Development: Sports Mecca Dev (HBTCK6G674)";
				CODE_SIGN_STYLE = Manual;
				CURRENT_PROJECT_VERSION = 1;
				DEVELOPMENT_TEAM = 6SS56RPLKF;
				GENERATE_INFOPLIST_FILE = YES;
				INFOPLIST_FILE = "Aarf Ext/Info.plist";
				INFOPLIST_KEY_UIApplicationSupportsIndirectInputEvents = YES;
				INFOPLIST_KEY_UILaunchStoryboardName = LaunchScreen;
				INFOPLIST_KEY_UIMainStoryboardFile = Main;
				INFOPLIST_KEY_UISupportedInterfaceOrientations_iPad = "UIInterfaceOrientationPortrait UIInterfaceOrientationPortraitUpsideDown UIInterfaceOrientationLandscapeLeft UIInterfaceOrientationLandscapeRight";
				INFOPLIST_KEY_UISupportedInterfaceOrientations_iPhone = "UIInterfaceOrientationPortrait UIInterfaceOrientationLandscapeLeft UIInterfaceOrientationLandscapeRight";
				IPHONEOS_DEPLOYMENT_TARGET = 14.5;
				LD_RUNPATH_SEARCH_PATHS = (
					"$(inherited)",
					"@executable_path/Frameworks",
				);
				MARKETING_VERSION = 1.0;
				PRODUCT_BUNDLE_IDENTIFIER = com.sportmecca;
				PRODUCT_NAME = "$(TARGET_NAME)";
				PROVISIONING_PROFILE_SPECIFIER = "Sportmecca Dev Profile";
				SWIFT_EMIT_LOC_STRINGS = YES;
				SWIFT_VERSION = 5.0;
				TARGETED_DEVICE_FAMILY = 1;
			};
			name = Debug;
		};
		A1D2027327AD117D0079077C /* Release */ = {
			isa = XCBuildConfiguration;
			buildSettings = {
				ASSETCATALOG_COMPILER_APPICON_NAME = AppIcon;
				ASSETCATALOG_COMPILER_GLOBAL_ACCENT_COLOR_NAME = AccentColor;
				CODE_SIGN_IDENTITY = "Apple Distribution: Sportmecca LLC (6SS56RPLKF)";
				CODE_SIGN_STYLE = Manual;
				CURRENT_PROJECT_VERSION = 1;
				DEVELOPMENT_TEAM = 6SS56RPLKF;
				GENERATE_INFOPLIST_FILE = YES;
				INFOPLIST_FILE = "Aarf Ext/Info.plist";
				INFOPLIST_KEY_UIApplicationSupportsIndirectInputEvents = YES;
				INFOPLIST_KEY_UILaunchStoryboardName = LaunchScreen;
				INFOPLIST_KEY_UIMainStoryboardFile = Main;
				INFOPLIST_KEY_UISupportedInterfaceOrientations_iPad = "UIInterfaceOrientationPortrait UIInterfaceOrientationPortraitUpsideDown UIInterfaceOrientationLandscapeLeft UIInterfaceOrientationLandscapeRight";
				INFOPLIST_KEY_UISupportedInterfaceOrientations_iPhone = "UIInterfaceOrientationPortrait UIInterfaceOrientationLandscapeLeft UIInterfaceOrientationLandscapeRight";
				IPHONEOS_DEPLOYMENT_TARGET = 14.5;
				LD_RUNPATH_SEARCH_PATHS = (
					"$(inherited)",
					"@executable_path/Frameworks",
				);
				MARKETING_VERSION = 1.0;
				PRODUCT_BUNDLE_IDENTIFIER = com.sportmecca;
				PRODUCT_NAME = "$(TARGET_NAME)";
				PROVISIONING_PROFILE_SPECIFIER = "SportMecca Appstore profile 11 Jan, 2022";
				SWIFT_EMIT_LOC_STRINGS = YES;
				SWIFT_VERSION = 5.0;
				TARGETED_DEVICE_FAMILY = 1;
			};
			name = Release;
		};
		A1D2027527AD117D0079077C /* Debug */ = {
			isa = XCBuildConfiguration;
			buildSettings = {
				ALWAYS_EMBED_SWIFT_STANDARD_LIBRARIES = YES;
				BUNDLE_LOADER = "$(TEST_HOST)";
				CODE_SIGN_STYLE = Automatic;
				CURRENT_PROJECT_VERSION = 1;
				DEVELOPMENT_TEAM = M4W4L7D58B;
				GENERATE_INFOPLIST_FILE = YES;
				IPHONEOS_DEPLOYMENT_TARGET = 15.2;
				MARKETING_VERSION = 1.0;
				PRODUCT_BUNDLE_IDENTIFIER = "com.watchdemo.Aarf-ExtTests";
				PRODUCT_NAME = "$(TARGET_NAME)";
				SWIFT_EMIT_LOC_STRINGS = NO;
				SWIFT_VERSION = 5.0;
				TARGETED_DEVICE_FAMILY = "1,2";
				TEST_HOST = "$(BUILT_PRODUCTS_DIR)/Aarf Ext.app/Aarf Ext";
			};
			name = Debug;
		};
		A1D2027627AD117D0079077C /* Release */ = {
			isa = XCBuildConfiguration;
			buildSettings = {
				ALWAYS_EMBED_SWIFT_STANDARD_LIBRARIES = YES;
				BUNDLE_LOADER = "$(TEST_HOST)";
				CODE_SIGN_STYLE = Automatic;
				CURRENT_PROJECT_VERSION = 1;
				DEVELOPMENT_TEAM = M4W4L7D58B;
				GENERATE_INFOPLIST_FILE = YES;
				IPHONEOS_DEPLOYMENT_TARGET = 15.2;
				MARKETING_VERSION = 1.0;
				PRODUCT_BUNDLE_IDENTIFIER = "com.watchdemo.Aarf-ExtTests";
				PRODUCT_NAME = "$(TARGET_NAME)";
				SWIFT_EMIT_LOC_STRINGS = NO;
				SWIFT_VERSION = 5.0;
				TARGETED_DEVICE_FAMILY = "1,2";
				TEST_HOST = "$(BUILT_PRODUCTS_DIR)/Aarf Ext.app/Aarf Ext";
			};
			name = Release;
		};
		A1D2027827AD117D0079077C /* Debug */ = {
			isa = XCBuildConfiguration;
			buildSettings = {
				ALWAYS_EMBED_SWIFT_STANDARD_LIBRARIES = YES;
				CODE_SIGN_STYLE = Automatic;
				CURRENT_PROJECT_VERSION = 1;
				DEVELOPMENT_TEAM = M4W4L7D58B;
				GENERATE_INFOPLIST_FILE = YES;
				MARKETING_VERSION = 1.0;
				PRODUCT_BUNDLE_IDENTIFIER = "com.watchdemo.Aarf-ExtUITests";
				PRODUCT_NAME = "$(TARGET_NAME)";
				SWIFT_EMIT_LOC_STRINGS = NO;
				SWIFT_VERSION = 5.0;
				TARGETED_DEVICE_FAMILY = "1,2";
				TEST_TARGET_NAME = "Aarf Ext";
			};
			name = Debug;
		};
		A1D2027927AD117D0079077C /* Release */ = {
			isa = XCBuildConfiguration;
			buildSettings = {
				ALWAYS_EMBED_SWIFT_STANDARD_LIBRARIES = YES;
				CODE_SIGN_STYLE = Automatic;
				CURRENT_PROJECT_VERSION = 1;
				DEVELOPMENT_TEAM = M4W4L7D58B;
				GENERATE_INFOPLIST_FILE = YES;
				MARKETING_VERSION = 1.0;
				PRODUCT_BUNDLE_IDENTIFIER = "com.watchdemo.Aarf-ExtUITests";
				PRODUCT_NAME = "$(TARGET_NAME)";
				SWIFT_EMIT_LOC_STRINGS = NO;
				SWIFT_VERSION = 5.0;
				TARGETED_DEVICE_FAMILY = "1,2";
				TEST_TARGET_NAME = "Aarf Ext";
			};
			name = Release;
		};
/* End XCBuildConfiguration section */

/* Begin XCConfigurationList section */
		A1D2024227AD116F0079077C /* Build configuration list for PBXProject "Aarf Ext" */ = {
			isa = XCConfigurationList;
			buildConfigurations = (
				A1D2026F27AD117D0079077C /* Debug */,
				A1D2027027AD117D0079077C /* Release */,
			);
			defaultConfigurationIsVisible = 0;
			defaultConfigurationName = Release;
		};
		A1D2027127AD117D0079077C /* Build configuration list for PBXNativeTarget "Aarf Ext" */ = {
			isa = XCConfigurationList;
			buildConfigurations = (
				A1D2027227AD117D0079077C /* Debug */,
				A1D2027327AD117D0079077C /* Release */,
			);
			defaultConfigurationIsVisible = 0;
			defaultConfigurationName = Release;
		};
		A1D2027427AD117D0079077C /* Build configuration list for PBXNativeTarget "Aarf ExtTests" */ = {
			isa = XCConfigurationList;
			buildConfigurations = (
				A1D2027527AD117D0079077C /* Debug */,
				A1D2027627AD117D0079077C /* Release */,
			);
			defaultConfigurationIsVisible = 0;
			defaultConfigurationName = Release;
		};
		A1D2027727AD117D0079077C /* Build configuration list for PBXNativeTarget "Aarf ExtUITests" */ = {
			isa = XCConfigurationList;
			buildConfigurations = (
				A1D2027827AD117D0079077C /* Debug */,
				A1D2027927AD117D0079077C /* Release */,
			);
			defaultConfigurationIsVisible = 0;
			defaultConfigurationName = Release;
		};
/* End XCConfigurationList section */
	};
	rootObject = A1D2023F27AD116F0079077C /* Project object */;
}
